
Microsoft Visual Studio Solution File, Format Version 12.00
# Visual Studio Version 17
VisualStudioVersion = 17.5.002.0
MinimumVisualStudioVersion = 10.0.40219.1
Project("{9A19103F-16F7-4668-BE54-9A1E7A4F7556}") = "PARCIAL", "PARCIAL.csproj", "{2AFAE519-5449-4651-8198-514492F89A18}"
EndProject
Global
	GlobalSection(SolutionConfigurationPlatforms) = preSolution
		Debug|Any CPU = Debug|Any CPU
		Release|Any CPU = Release|Any CPU
	EndGlobalSection
	GlobalSection(ProjectConfigurationPlatforms) = postSolution
		{2AFAE519-5449-4651-8198-514492F89A18}.Debug|Any CPU.ActiveCfg = Debug|Any CPU
		{2AFAE519-5449-4651-8198-514492F89A18}.Debug|Any CPU.Build.0 = Debug|Any CPU
		{2AFAE519-5449-4651-8198-514492F89A18}.Release|Any CPU.ActiveCfg = Release|Any CPU
		{2AFAE519-5449-4651-8198-514492F89A18}.Release|Any CPU.Build.0 = Release|Any CPU
	EndGlobalSection
	GlobalSection(SolutionProperties) = preSolution
		HideSolutionNode = FALSE
	EndGlobalSection
	GlobalSection(ExtensibilityGlobals) = postSolution
		SolutionGuid = {75F22F17-FA57-4B94-8DFF-F3C593DE709A}
	EndGlobalSection
EndGlobal
